// !$*UTF8*$!
{
	archiveVersion = 1;
	classes = {
	};
	objectVersion = 46;
	objects = {

/* Begin PBXBuildFile section */
		320AF8492C47A4D819F7C451 /* QuartzCore.framework in Frameworks */ = {isa = PBXBuildFile; fileRef = 320AF8492C47A4D819F7C450 /* QuartzCore.framework */; };
		6426D7411459623A007BD692 /* TDSTrail.m in Sources */ = {isa = PBXBuildFile; fileRef = 6426D7401459623A007BD692 /* TDSTrail.m */; };
		6426D7441459661A007BD692 /* TDSManagedObject.m in Sources */ = {isa = PBXBuildFile; fileRef = 6426D7431459661A007BD692 /* TDSManagedObject.m */; };
		6426D75D14597149007BD692 /* TDSManagedObjectCache.m in Sources */ = {isa = PBXBuildFile; fileRef = 6426D75C14597149007BD692 /* TDSManagedObjectCache.m */; };
		64EC345D143EED4C0063BC4D /* UIKit.framework in Frameworks */ = {isa = PBXBuildFile; fileRef = 64EC345C143EED4C0063BC4D /* UIKit.framework */; };
		64EC345F143EED4C0063BC4D /* Foundation.framework in Frameworks */ = {isa = PBXBuildFile; fileRef = 64EC345E143EED4C0063BC4D /* Foundation.framework */; };
		64EC3461143EED4C0063BC4D /* CoreGraphics.framework in Frameworks */ = {isa = PBXBuildFile; fileRef = 64EC3460143EED4C0063BC4D /* CoreGraphics.framework */; };
		64EC3463143EED4C0063BC4D /* CoreData.framework in Frameworks */ = {isa = PBXBuildFile; fileRef = 64EC3462143EED4C0063BC4D /* CoreData.framework */; };
		64EC3469143EED4D0063BC4D /* InfoPlist.strings in Resources */ = {isa = PBXBuildFile; fileRef = 64EC3467143EED4C0063BC4D /* InfoPlist.strings */; };
		64EC346B143EED4D0063BC4D /* main.m in Sources */ = {isa = PBXBuildFile; fileRef = 64EC346A143EED4D0063BC4D /* main.m */; };
		64EC346F143EED4D0063BC4D /* TDSAppDelegate.m in Sources */ = {isa = PBXBuildFile; fileRef = 64EC346E143EED4D0063BC4D /* TDSAppDelegate.m */; };
		64EC3472143EED4D0063BC4D /* TrailDevilsSync.xcdatamodeld in Sources */ = {isa = PBXBuildFile; fileRef = 64EC3470143EED4D0063BC4D /* TrailDevilsSync.xcdatamodeld */; };
		64EC34A4143EF1120063BC4D /* libRestKitCoreData.a in Frameworks */ = {isa = PBXBuildFile; fileRef = 64EC349D143EF0C20063BC4D /* libRestKitCoreData.a */; };
		64EC34A5143EF1120063BC4D /* libRestKitJSONParserJSONKit.a in Frameworks */ = {isa = PBXBuildFile; fileRef = 64EC3499143EF0C20063BC4D /* libRestKitJSONParserJSONKit.a */; };
		64EC34A6143EF1120063BC4D /* libRestKitNetwork.a in Frameworks */ = {isa = PBXBuildFile; fileRef = 64EC348D143EF0C20063BC4D /* libRestKitNetwork.a */; };
		64EC34A7143EF1120063BC4D /* libRestKitObjectMapping.a in Frameworks */ = {isa = PBXBuildFile; fileRef = 64EC348F143EF0C20063BC4D /* libRestKitObjectMapping.a */; };
		64EC34A8143EF1120063BC4D /* libRestKitSupport.a in Frameworks */ = {isa = PBXBuildFile; fileRef = 64EC3491143EF0C20063BC4D /* libRestKitSupport.a */; };
		64EC34A9143EF1120063BC4D /* libRestKitXMLParserLibxml.a in Frameworks */ = {isa = PBXBuildFile; fileRef = 64EC349B143EF0C20063BC4D /* libRestKitXMLParserLibxml.a */; };
		64EC34AE143EF12E0063BC4D /* CFNetwork.framework in Frameworks */ = {isa = PBXBuildFile; fileRef = 64EC34AA143EF12E0063BC4D /* CFNetwork.framework */; };
		64EC34AF143EF12E0063BC4D /* libxml2.dylib in Frameworks */ = {isa = PBXBuildFile; fileRef = 64EC34AB143EF12E0063BC4D /* libxml2.dylib */; };
		64EC34B0143EF12E0063BC4D /* MobileCoreServices.framework in Frameworks */ = {isa = PBXBuildFile; fileRef = 64EC34AC143EF12E0063BC4D /* MobileCoreServices.framework */; };
		64EC34B1143EF12E0063BC4D /* SystemConfiguration.framework in Frameworks */ = {isa = PBXBuildFile; fileRef = 64EC34AD143EF12E0063BC4D /* SystemConfiguration.framework */; };
		8D0287BF1467BFC000DE0A4A /* TDSUserTableViewController.m in Sources */ = {isa = PBXBuildFile; fileRef = 8D0287BE1467BFC000DE0A4A /* TDSUserTableViewController.m */; };
		8D0287CA1468482F00DE0A4A /* map.png in Resources */ = {isa = PBXBuildFile; fileRef = 8D0287C61468482F00DE0A4A /* map.png */; };
		8D0287CB1468482F00DE0A4A /* map@2x.png in Resources */ = {isa = PBXBuildFile; fileRef = 8D0287C71468482F00DE0A4A /* map@2x.png */; };
		8D0287CC1468482F00DE0A4A /* group.png in Resources */ = {isa = PBXBuildFile; fileRef = 8D0287C81468482F00DE0A4A /* group.png */; };
		8D0287CD1468482F00DE0A4A /* group@2x.png in Resources */ = {isa = PBXBuildFile; fileRef = 8D0287C91468482F00DE0A4A /* group@2x.png */; };
		8D0287D0146900B400DE0A4A /* TDSTrailDetailViewController.m in Sources */ = {isa = PBXBuildFile; fileRef = 8D0287CF146900B400DE0A4A /* TDSTrailDetailViewController.m */; };
		8D0287D7146982C200DE0A4A /* TDSTrailIsOpenView.m in Sources */ = {isa = PBXBuildFile; fileRef = 8D0287D6146982C200DE0A4A /* TDSTrailIsOpenView.m */; };
		8D0287DA14698C0800DE0A4A /* TDSTrailViewCell.m in Sources */ = {isa = PBXBuildFile; fileRef = 8D0287D914698C0700DE0A4A /* TDSTrailViewCell.m */; };
		8D0287DE1469960200DE0A4A /* (null)_16.png in Resources */ = {isa = PBXBuildFile; fileRef = 8D0287DB1469960100DE0A4A /* (null)_16.png */; };
		8D0287DF1469960200DE0A4A /* 1_16.png in Resources */ = {isa = PBXBuildFile; fileRef = 8D0287DC1469960100DE0A4A /* 1_16.png */; };
		8D0287E01469960200DE0A4A /* 0_16.png in Resources */ = {isa = PBXBuildFile; fileRef = 8D0287DD1469960200DE0A4A /* 0_16.png */; };
		8D0287E31469A90600DE0A4A /* TDSUser.m in Sources */ = {isa = PBXBuildFile; fileRef = 8D0287E21469A90500DE0A4A /* TDSUser.m */; };
		8D1E4888145F02840075B61E /* TDSTrailTableViewController.m in Sources */ = {isa = PBXBuildFile; fileRef = 8D1E4887145F02840075B61E /* TDSTrailTableViewController.m */; };
/* End PBXBuildFile section */

/* Begin PBXContainerItemProxy section */
		64EC348C143EF0C20063BC4D /* PBXContainerItemProxy */ = {
			isa = PBXContainerItemProxy;
			containerPortal = 64EC3478143EF0C10063BC4D /* RestKit.xcodeproj */;
			proxyType = 2;
			remoteGlobalIDString = 253A07FC1255161B00976E89;
			remoteInfo = RestKitNetwork;
		};
		64EC348E143EF0C20063BC4D /* PBXContainerItemProxy */ = {
			isa = PBXContainerItemProxy;
			containerPortal = 64EC3478143EF0C10063BC4D /* RestKit.xcodeproj */;
			proxyType = 2;
			remoteGlobalIDString = 253A08031255162C00976E89;
			remoteInfo = RestKitObjectMapping;
		};
		64EC3490143EF0C20063BC4D /* PBXContainerItemProxy */ = {
			isa = PBXContainerItemProxy;
			containerPortal = 64EC3478143EF0C10063BC4D /* RestKit.xcodeproj */;
			proxyType = 2;
			remoteGlobalIDString = 253A080C12551D3000976E89;
			remoteInfo = RestKitSupport;
		};
		64EC3492143EF0C20063BC4D /* PBXContainerItemProxy */ = {
			isa = PBXContainerItemProxy;
			containerPortal = 64EC3478143EF0C10063BC4D /* RestKit.xcodeproj */;
			proxyType = 2;
			remoteGlobalIDString = 20808DBD13DE8CDC000A156A;
			remoteInfo = "RestKitJSONParser+NXJSON";
		};
		64EC3494143EF0C20063BC4D /* PBXContainerItemProxy */ = {
			isa = PBXContainerItemProxy;
			containerPortal = 64EC3478143EF0C10063BC4D /* RestKit.xcodeproj */;
			proxyType = 2;
			remoteGlobalIDString = 2590E64F125231F600531FA8;
			remoteInfo = "RestKitJSONParser+YAJL";
		};
		64EC3496143EF0C20063BC4D /* PBXContainerItemProxy */ = {
			isa = PBXContainerItemProxy;
			containerPortal = 64EC3478143EF0C10063BC4D /* RestKit.xcodeproj */;
			proxyType = 2;
			remoteGlobalIDString = 2590E66B1252353700531FA8;
			remoteInfo = "RestKitJSONParser+SBJSON";
		};
		64EC3498143EF0C20063BC4D /* PBXContainerItemProxy */ = {
			isa = PBXContainerItemProxy;
			containerPortal = 64EC3478143EF0C10063BC4D /* RestKit.xcodeproj */;
			proxyType = 2;
			remoteGlobalIDString = 73057FD11331AD2E001908EE;
			remoteInfo = "RestKitJSONParser+JSONKit";
		};
		64EC349A143EF0C20063BC4D /* PBXContainerItemProxy */ = {
			isa = PBXContainerItemProxy;
			containerPortal = 64EC3478143EF0C10063BC4D /* RestKit.xcodeproj */;
			proxyType = 2;
			remoteGlobalIDString = 25BD43BD1340315800DBACDD;
			remoteInfo = "RestKitXMLParser+Libxml";
		};
		64EC349C143EF0C20063BC4D /* PBXContainerItemProxy */ = {
			isa = PBXContainerItemProxy;
			containerPortal = 64EC3478143EF0C10063BC4D /* RestKit.xcodeproj */;
			proxyType = 2;
			remoteGlobalIDString = 253A081412551D5300976E89;
			remoteInfo = RestKitCoreData;
		};
		64EC349E143EF0C20063BC4D /* PBXContainerItemProxy */ = {
			isa = PBXContainerItemProxy;
			containerPortal = 64EC3478143EF0C10063BC4D /* RestKit.xcodeproj */;
			proxyType = 2;
			remoteGlobalIDString = 2523360511E79F090048F9B4;
			remoteInfo = RestKitThree20;
		};
		64EC34A0143EF0C20063BC4D /* PBXContainerItemProxy */ = {
			isa = PBXContainerItemProxy;
			containerPortal = 64EC3478143EF0C10063BC4D /* RestKit.xcodeproj */;
			proxyType = 2;
			remoteGlobalIDString = 3F6C39A510FE5C95008F47C5;
			remoteInfo = "RestKit Specs";
		};
		64EC34A2143EF1060063BC4D /* PBXContainerItemProxy */ = {
			isa = PBXContainerItemProxy;
			containerPortal = 64EC3478143EF0C10063BC4D /* RestKit.xcodeproj */;
			proxyType = 1;
			remoteGlobalIDString = 255B7588133BABBF00ED76AD;
			remoteInfo = RestKit;
		};
		64F82F951459BE830048B7CA /* PBXContainerItemProxy */ = {
			isa = PBXContainerItemProxy;
			containerPortal = 64EC3478143EF0C10063BC4D /* RestKit.xcodeproj */;
			proxyType = 1;
			remoteGlobalIDString = 73057FD01331AD2E001908EE;
			remoteInfo = "RestKitJSONParser+JSONKit";
		};
/* End PBXContainerItemProxy section */

/* Begin PBXFileReference section */
		320AF8492C47A4D819F7C450 /* QuartzCore.framework */ = {isa = PBXFileReference; lastKnownFileType = wrapper.frameworks; name = QuartzCore.framework; path = System/Library/Frameworks/QuartzCore.framework; sourceTree = SDKROOT; };
		320B6C86F11D9990244A9730 /* Three20.bundle */ = {isa = PBXFileReference; lastKnownFileType = "wrapper.plug-in"; name = Three20.bundle; path = three20/src/Three20.bundle; sourceTree = SOURCE_ROOT; };
		6426D73F1459623A007BD692 /* TDSTrail.h */ = {isa = PBXFileReference; fileEncoding = 4; lastKnownFileType = sourcecode.c.h; path = TDSTrail.h; sourceTree = "<group>"; };
		6426D7401459623A007BD692 /* TDSTrail.m */ = {isa = PBXFileReference; fileEncoding = 4; lastKnownFileType = sourcecode.c.objc; path = TDSTrail.m; sourceTree = "<group>"; };
		6426D7421459661A007BD692 /* TDSManagedObject.h */ = {isa = PBXFileReference; fileEncoding = 4; lastKnownFileType = sourcecode.c.h; path = TDSManagedObject.h; sourceTree = "<group>"; };
		6426D7431459661A007BD692 /* TDSManagedObject.m */ = {isa = PBXFileReference; fileEncoding = 4; lastKnownFileType = sourcecode.c.objc; path = TDSManagedObject.m; sourceTree = "<group>"; };
		6426D75B14597149007BD692 /* TDSManagedObjectCache.h */ = {isa = PBXFileReference; fileEncoding = 4; lastKnownFileType = sourcecode.c.h; path = TDSManagedObjectCache.h; sourceTree = "<group>"; };
		6426D75C14597149007BD692 /* TDSManagedObjectCache.m */ = {isa = PBXFileReference; fileEncoding = 4; lastKnownFileType = sourcecode.c.objc; path = TDSManagedObjectCache.m; sourceTree = "<group>"; };
		64EC3458143EED4C0063BC4D /* TrailDevilsSync.app */ = {isa = PBXFileReference; explicitFileType = wrapper.application; includeInIndex = 0; path = TrailDevilsSync.app; sourceTree = BUILT_PRODUCTS_DIR; };
		64EC345C143EED4C0063BC4D /* UIKit.framework */ = {isa = PBXFileReference; lastKnownFileType = wrapper.framework; name = UIKit.framework; path = System/Library/Frameworks/UIKit.framework; sourceTree = SDKROOT; };
		64EC345E143EED4C0063BC4D /* Foundation.framework */ = {isa = PBXFileReference; lastKnownFileType = wrapper.framework; name = Foundation.framework; path = System/Library/Frameworks/Foundation.framework; sourceTree = SDKROOT; };
		64EC3460143EED4C0063BC4D /* CoreGraphics.framework */ = {isa = PBXFileReference; lastKnownFileType = wrapper.framework; name = CoreGraphics.framework; path = System/Library/Frameworks/CoreGraphics.framework; sourceTree = SDKROOT; };
		64EC3462143EED4C0063BC4D /* CoreData.framework */ = {isa = PBXFileReference; lastKnownFileType = wrapper.framework; name = CoreData.framework; path = System/Library/Frameworks/CoreData.framework; sourceTree = SDKROOT; };
		64EC3466143EED4C0063BC4D /* TrailDevilsSync-Info.plist */ = {isa = PBXFileReference; lastKnownFileType = text.plist.xml; path = "TrailDevilsSync-Info.plist"; sourceTree = "<group>"; };
		64EC3468143EED4C0063BC4D /* en */ = {isa = PBXFileReference; lastKnownFileType = text.plist.strings; name = en; path = en.lproj/InfoPlist.strings; sourceTree = "<group>"; };
		64EC346A143EED4D0063BC4D /* main.m */ = {isa = PBXFileReference; lastKnownFileType = sourcecode.c.objc; path = main.m; sourceTree = "<group>"; };
		64EC346C143EED4D0063BC4D /* TrailDevilsSync-Prefix.pch */ = {isa = PBXFileReference; lastKnownFileType = sourcecode.c.h; path = "TrailDevilsSync-Prefix.pch"; sourceTree = "<group>"; };
		64EC346D143EED4D0063BC4D /* TDSAppDelegate.h */ = {isa = PBXFileReference; lastKnownFileType = sourcecode.c.h; path = TDSAppDelegate.h; sourceTree = "<group>"; };
		64EC346E143EED4D0063BC4D /* TDSAppDelegate.m */ = {isa = PBXFileReference; lastKnownFileType = sourcecode.c.objc; path = TDSAppDelegate.m; sourceTree = "<group>"; };
		64EC3471143EED4D0063BC4D /* TrailDevilsSync.xcdatamodel */ = {isa = PBXFileReference; lastKnownFileType = wrapper.xcdatamodel; path = TrailDevilsSync.xcdatamodel; sourceTree = "<group>"; };
		64EC3478143EF0C10063BC4D /* RestKit.xcodeproj */ = {isa = PBXFileReference; lastKnownFileType = "wrapper.pb-project"; name = RestKit.xcodeproj; path = RestKit/RestKit.xcodeproj; sourceTree = "<group>"; };
		64EC34AA143EF12E0063BC4D /* CFNetwork.framework */ = {isa = PBXFileReference; lastKnownFileType = wrapper.framework; name = CFNetwork.framework; path = System/Library/Frameworks/CFNetwork.framework; sourceTree = SDKROOT; };
		64EC34AB143EF12E0063BC4D /* libxml2.dylib */ = {isa = PBXFileReference; lastKnownFileType = "compiled.mach-o.dylib"; name = libxml2.dylib; path = usr/lib/libxml2.dylib; sourceTree = SDKROOT; };
		64EC34AC143EF12E0063BC4D /* MobileCoreServices.framework */ = {isa = PBXFileReference; lastKnownFileType = wrapper.framework; name = MobileCoreServices.framework; path = System/Library/Frameworks/MobileCoreServices.framework; sourceTree = SDKROOT; };
		64EC34AD143EF12E0063BC4D /* SystemConfiguration.framework */ = {isa = PBXFileReference; lastKnownFileType = wrapper.framework; name = SystemConfiguration.framework; path = System/Library/Frameworks/SystemConfiguration.framework; sourceTree = SDKROOT; };
		8D0287BD1467BFAB00DE0A4A /* TDSUserTableViewController.h */ = {isa = PBXFileReference; fileEncoding = 4; lastKnownFileType = sourcecode.c.h; path = TDSUserTableViewController.h; sourceTree = "<group>"; };
		8D0287BE1467BFC000DE0A4A /* TDSUserTableViewController.m */ = {isa = PBXFileReference; fileEncoding = 4; lastKnownFileType = sourcecode.c.objc; path = TDSUserTableViewController.m; sourceTree = "<group>"; };
		8D0287C61468482F00DE0A4A /* map.png */ = {isa = PBXFileReference; lastKnownFileType = image.png; path = map.png; sourceTree = "<group>"; };
		8D0287C71468482F00DE0A4A /* map@2x.png */ = {isa = PBXFileReference; lastKnownFileType = image.png; path = "map@2x.png"; sourceTree = "<group>"; };
		8D0287C81468482F00DE0A4A /* group.png */ = {isa = PBXFileReference; lastKnownFileType = image.png; path = group.png; sourceTree = "<group>"; };
		8D0287C91468482F00DE0A4A /* group@2x.png */ = {isa = PBXFileReference; lastKnownFileType = image.png; path = "group@2x.png"; sourceTree = "<group>"; };
		8D0287CE146900B400DE0A4A /* TDSTrailDetailViewController.h */ = {isa = PBXFileReference; fileEncoding = 4; lastKnownFileType = sourcecode.c.h; path = TDSTrailDetailViewController.h; sourceTree = "<group>"; };
		8D0287CF146900B400DE0A4A /* TDSTrailDetailViewController.m */ = {isa = PBXFileReference; fileEncoding = 4; lastKnownFileType = sourcecode.c.objc; path = TDSTrailDetailViewController.m; sourceTree = "<group>"; };
		8D0287D5146982C200DE0A4A /* TDSTrailIsOpenView.h */ = {isa = PBXFileReference; fileEncoding = 4; lastKnownFileType = sourcecode.c.h; path = TDSTrailIsOpenView.h; sourceTree = "<group>"; };
		8D0287D6146982C200DE0A4A /* TDSTrailIsOpenView.m */ = {isa = PBXFileReference; fileEncoding = 4; lastKnownFileType = sourcecode.c.objc; path = TDSTrailIsOpenView.m; sourceTree = "<group>"; };
		8D0287D814698C0700DE0A4A /* TDSTrailViewCell.h */ = {isa = PBXFileReference; fileEncoding = 4; lastKnownFileType = sourcecode.c.h; path = TDSTrailViewCell.h; sourceTree = "<group>"; };
		8D0287D914698C0700DE0A4A /* TDSTrailViewCell.m */ = {isa = PBXFileReference; fileEncoding = 4; lastKnownFileType = sourcecode.c.objc; path = TDSTrailViewCell.m; sourceTree = "<group>"; };
		8D0287DB1469960100DE0A4A /* (null)_16.png */ = {isa = PBXFileReference; lastKnownFileType = image.png; path = "(null)_16.png"; sourceTree = "<group>"; };
		8D0287DC1469960100DE0A4A /* 1_16.png */ = {isa = PBXFileReference; lastKnownFileType = image.png; path = 1_16.png; sourceTree = "<group>"; };
		8D0287DD1469960200DE0A4A /* 0_16.png */ = {isa = PBXFileReference; lastKnownFileType = image.png; path = 0_16.png; sourceTree = "<group>"; };
		8D0287E11469A90500DE0A4A /* TDSUser.h */ = {isa = PBXFileReference; fileEncoding = 4; lastKnownFileType = sourcecode.c.h; path = TDSUser.h; sourceTree = "<group>"; };
		8D0287E21469A90500DE0A4A /* TDSUser.m */ = {isa = PBXFileReference; fileEncoding = 4; lastKnownFileType = sourcecode.c.objc; path = TDSUser.m; sourceTree = "<group>"; };
		8D1E4886145F02840075B61E /* TDSTrailTableViewController.h */ = {isa = PBXFileReference; fileEncoding = 4; lastKnownFileType = sourcecode.c.h; path = TDSTrailTableViewController.h; sourceTree = "<group>"; };
		8D1E4887145F02840075B61E /* TDSTrailTableViewController.m */ = {isa = PBXFileReference; fileEncoding = 4; lastKnownFileType = sourcecode.c.objc; path = TDSTrailTableViewController.m; sourceTree = "<group>"; };
/* End PBXFileReference section */

/* Begin PBXFrameworksBuildPhase section */
		64EC3455143EED4C0063BC4D /* Frameworks */ = {
			isa = PBXFrameworksBuildPhase;
			buildActionMask = 2147483647;
			files = (
				320AF8492C47A4D819F7C451 /* QuartzCore.framework in Frameworks */,
				64EC34AE143EF12E0063BC4D /* CFNetwork.framework in Frameworks */,
				64EC34AF143EF12E0063BC4D /* libxml2.dylib in Frameworks */,
				64EC34B0143EF12E0063BC4D /* MobileCoreServices.framework in Frameworks */,
				64EC34B1143EF12E0063BC4D /* SystemConfiguration.framework in Frameworks */,
				64EC3463143EED4C0063BC4D /* CoreData.framework in Frameworks */,
				64EC34A4143EF1120063BC4D /* libRestKitCoreData.a in Frameworks */,
				64EC34A5143EF1120063BC4D /* libRestKitJSONParserJSONKit.a in Frameworks */,
				64EC34A6143EF1120063BC4D /* libRestKitNetwork.a in Frameworks */,
				64EC34A7143EF1120063BC4D /* libRestKitObjectMapping.a in Frameworks */,
				64EC34A8143EF1120063BC4D /* libRestKitSupport.a in Frameworks */,
				64EC34A9143EF1120063BC4D /* libRestKitXMLParserLibxml.a in Frameworks */,
				64EC345D143EED4C0063BC4D /* UIKit.framework in Frameworks */,
				64EC345F143EED4C0063BC4D /* Foundation.framework in Frameworks */,
				64EC3461143EED4C0063BC4D /* CoreGraphics.framework in Frameworks */,
			);
			runOnlyForDeploymentPostprocessing = 0;
		};
/* End PBXFrameworksBuildPhase section */

/* Begin PBXGroup section */
		64EC344D143EED4C0063BC4D = {
			isa = PBXGroup;
			children = (
				64EC3464143EED4C0063BC4D /* Code */,
				64EC34B3143EF1FE0063BC4D /* Modelling */,
				64EC3465143EED4C0063BC4D /* Supporting Files */,
				64EC34B2143EF1A60063BC4D /* Libraries */,
				64EC345B143EED4C0063BC4D /* Frameworks */,
				64EC3459143EED4C0063BC4D /* Products */,
				8D0287B91467B89700DE0A4A /* Resources */,
			);
			sourceTree = "<group>";
		};
		64EC3459143EED4C0063BC4D /* Products */ = {
			isa = PBXGroup;
			children = (
				64EC3458143EED4C0063BC4D /* TrailDevilsSync.app */,
			);
			name = Products;
			sourceTree = "<group>";
		};
		64EC345B143EED4C0063BC4D /* Frameworks */ = {
			isa = PBXGroup;
			children = (
				320AF8492C47A4D819F7C450 /* QuartzCore.framework */,
				64EC34AA143EF12E0063BC4D /* CFNetwork.framework */,
				64EC34AB143EF12E0063BC4D /* libxml2.dylib */,
				64EC34AC143EF12E0063BC4D /* MobileCoreServices.framework */,
				64EC34AD143EF12E0063BC4D /* SystemConfiguration.framework */,
				64EC345C143EED4C0063BC4D /* UIKit.framework */,
				64EC345E143EED4C0063BC4D /* Foundation.framework */,
				64EC3460143EED4C0063BC4D /* CoreGraphics.framework */,
				64EC3462143EED4C0063BC4D /* CoreData.framework */,
			);
			name = Frameworks;
			sourceTree = "<group>";
		};
		64EC3464143EED4C0063BC4D /* Code */ = {
			isa = PBXGroup;
			children = (
				64EC34B6143EF3860063BC4D /* Controllers */,
				64EC34B5143EF37B0063BC4D /* Views */,
				64EC34B4143EF3740063BC4D /* Models */,
				64EC346D143EED4D0063BC4D /* TDSAppDelegate.h */,
				64EC346E143EED4D0063BC4D /* TDSAppDelegate.m */,
				6426D75B14597149007BD692 /* TDSManagedObjectCache.h */,
				6426D75C14597149007BD692 /* TDSManagedObjectCache.m */,
			);
			name = Code;
			path = TrailDevilsSync;
			sourceTree = "<group>";
		};
		64EC3465143EED4C0063BC4D /* Supporting Files */ = {
			isa = PBXGroup;
			children = (
				320B6C86F11D9990244A9730 /* Three20.bundle */,
				64EC3466143EED4C0063BC4D /* TrailDevilsSync-Info.plist */,
				64EC3467143EED4C0063BC4D /* InfoPlist.strings */,
				64EC346A143EED4D0063BC4D /* main.m */,
				64EC346C143EED4D0063BC4D /* TrailDevilsSync-Prefix.pch */,
			);
			name = "Supporting Files";
			path = TrailDevilsSync;
			sourceTree = "<group>";
		};
		64EC3479143EF0C10063BC4D /* Products */ = {
			isa = PBXGroup;
			children = (
				64EC348D143EF0C20063BC4D /* libRestKitNetwork.a */,
				64EC348F143EF0C20063BC4D /* libRestKitObjectMapping.a */,
				64EC3491143EF0C20063BC4D /* libRestKitSupport.a */,
				64EC3493143EF0C20063BC4D /* libRestKitJSONParserNXJSON.a */,
				64EC3495143EF0C20063BC4D /* libRestKitJSONParserYAJL.a */,
				64EC3497143EF0C20063BC4D /* libRestKitJSONParserSBJSON.a */,
				64EC3499143EF0C20063BC4D /* libRestKitJSONParserJSONKit.a */,
				64EC349B143EF0C20063BC4D /* libRestKitXMLParserLibxml.a */,
				64EC349D143EF0C20063BC4D /* libRestKitCoreData.a */,
				64EC349F143EF0C20063BC4D /* libRestKitThree20.a */,
				64EC34A1143EF0C20063BC4D /* RestKitSpecs.app */,
			);
			name = Products;
			sourceTree = "<group>";
		};
		64EC34B2143EF1A60063BC4D /* Libraries */ = {
			isa = PBXGroup;
			children = (
				64EC3478143EF0C10063BC4D /* RestKit.xcodeproj */,
			);
			name = Libraries;
			sourceTree = "<group>";
		};
		64EC34B3143EF1FE0063BC4D /* Modelling */ = {
			isa = PBXGroup;
			children = (
				64EC3470143EED4D0063BC4D /* TrailDevilsSync.xcdatamodeld */,
			);
			name = Modelling;
			sourceTree = "<group>";
		};
		64EC34B4143EF3740063BC4D /* Models */ = {
			isa = PBXGroup;
			children = (
				8D0287E11469A90500DE0A4A /* TDSUser.h */,
				8D0287E21469A90500DE0A4A /* TDSUser.m */,
				6426D73F1459623A007BD692 /* TDSTrail.h */,
				6426D7401459623A007BD692 /* TDSTrail.m */,
				6426D7421459661A007BD692 /* TDSManagedObject.h */,
				6426D7431459661A007BD692 /* TDSManagedObject.m */,
			);
			name = Models;
			sourceTree = "<group>";
		};
		64EC34B5143EF37B0063BC4D /* Views */ = {
			isa = PBXGroup;
			children = (
				8D0287D5146982C200DE0A4A /* TDSTrailIsOpenView.h */,
				8D0287D6146982C200DE0A4A /* TDSTrailIsOpenView.m */,
				8D0287D814698C0700DE0A4A /* TDSTrailViewCell.h */,
				8D0287D914698C0700DE0A4A /* TDSTrailViewCell.m */,
			);
			name = Views;
			sourceTree = "<group>";
		};
		64EC34B6143EF3860063BC4D /* Controllers */ = {
			isa = PBXGroup;
			children = (
				8D1E4886145F02840075B61E /* TDSTrailTableViewController.h */,
				8D1E4887145F02840075B61E /* TDSTrailTableViewController.m */,
				8D0287BD1467BFAB00DE0A4A /* TDSUserTableViewController.h */,
				8D0287BE1467BFC000DE0A4A /* TDSUserTableViewController.m */,
				8D0287CE146900B400DE0A4A /* TDSTrailDetailViewController.h */,
				8D0287CF146900B400DE0A4A /* TDSTrailDetailViewController.m */,
			);
			name = Controllers;
			sourceTree = "<group>";
		};
		8D0287B91467B89700DE0A4A /* Resources */ = {
			isa = PBXGroup;
			children = (
				8D0287BA1467B8AC00DE0A4A /* images */,
			);
			name = Resources;
			sourceTree = "<group>";
		};
		8D0287BA1467B8AC00DE0A4A /* images */ = {
			isa = PBXGroup;
			children = (
				8D0287DB1469960100DE0A4A /* (null)_16.png */,
				8D0287DC1469960100DE0A4A /* 1_16.png */,
				8D0287DD1469960200DE0A4A /* 0_16.png */,
				8D0287C61468482F00DE0A4A /* map.png */,
				8D0287C71468482F00DE0A4A /* map@2x.png */,
				8D0287C81468482F00DE0A4A /* group.png */,
				8D0287C91468482F00DE0A4A /* group@2x.png */,
			);
			name = images;
			sourceTree = "<group>";
		};
/* End PBXGroup section */

/* Begin PBXNativeTarget section */
		64EC3457143EED4C0063BC4D /* TrailDevilsSync */ = {
			isa = PBXNativeTarget;
			buildConfigurationList = 64EC3475143EED4D0063BC4D /* Build configuration list for PBXNativeTarget "TrailDevilsSync" */;
			buildPhases = (
				64EC3454143EED4C0063BC4D /* Sources */,
				64EC3455143EED4C0063BC4D /* Frameworks */,
				64EC3456143EED4C0063BC4D /* Resources */,
			);
			buildRules = (
			);
			dependencies = (
				64F82F961459BE830048B7CA /* PBXTargetDependency */,
				64EC34A3143EF1060063BC4D /* PBXTargetDependency */,
			);
			name = TrailDevilsSync;
			productName = TrailDevilsSync;
			productReference = 64EC3458143EED4C0063BC4D /* TrailDevilsSync.app */;
			productType = "com.apple.product-type.application";
		};
/* End PBXNativeTarget section */

/* Begin PBXProject section */
		64EC344F143EED4C0063BC4D /* Project object */ = {
			isa = PBXProject;
			attributes = {
				LastUpgradeCheck = 0420;
			};
			buildConfigurationList = 64EC3452143EED4C0063BC4D /* Build configuration list for PBXProject "TrailDevilsSync" */;
			compatibilityVersion = "Xcode 3.2";
			developmentRegion = English;
			hasScannedForEncodings = 0;
			knownRegions = (
				en,
			);
			mainGroup = 64EC344D143EED4C0063BC4D;
			productRefGroup = 64EC3459143EED4C0063BC4D /* Products */;
			projectDirPath = "";
			projectReferences = (
				{
					ProductGroup = 64EC3479143EF0C10063BC4D /* Products */;
					ProjectRef = 64EC3478143EF0C10063BC4D /* RestKit.xcodeproj */;
				},
			);
			projectRoot = "";
			targets = (
				64EC3457143EED4C0063BC4D /* TrailDevilsSync */,
			);
		};
/* End PBXProject section */

/* Begin PBXReferenceProxy section */
		64EC348D143EF0C20063BC4D /* libRestKitNetwork.a */ = {
			isa = PBXReferenceProxy;
			fileType = archive.ar;
			path = libRestKitNetwork.a;
			remoteRef = 64EC348C143EF0C20063BC4D /* PBXContainerItemProxy */;
			sourceTree = BUILT_PRODUCTS_DIR;
		};
		64EC348F143EF0C20063BC4D /* libRestKitObjectMapping.a */ = {
			isa = PBXReferenceProxy;
			fileType = archive.ar;
			path = libRestKitObjectMapping.a;
			remoteRef = 64EC348E143EF0C20063BC4D /* PBXContainerItemProxy */;
			sourceTree = BUILT_PRODUCTS_DIR;
		};
		64EC3491143EF0C20063BC4D /* libRestKitSupport.a */ = {
			isa = PBXReferenceProxy;
			fileType = archive.ar;
			path = libRestKitSupport.a;
			remoteRef = 64EC3490143EF0C20063BC4D /* PBXContainerItemProxy */;
			sourceTree = BUILT_PRODUCTS_DIR;
		};
		64EC3493143EF0C20063BC4D /* libRestKitJSONParserNXJSON.a */ = {
			isa = PBXReferenceProxy;
			fileType = archive.ar;
			path = libRestKitJSONParserNXJSON.a;
			remoteRef = 64EC3492143EF0C20063BC4D /* PBXContainerItemProxy */;
			sourceTree = BUILT_PRODUCTS_DIR;
		};
		64EC3495143EF0C20063BC4D /* libRestKitJSONParserYAJL.a */ = {
			isa = PBXReferenceProxy;
			fileType = archive.ar;
			path = libRestKitJSONParserYAJL.a;
			remoteRef = 64EC3494143EF0C20063BC4D /* PBXContainerItemProxy */;
			sourceTree = BUILT_PRODUCTS_DIR;
		};
		64EC3497143EF0C20063BC4D /* libRestKitJSONParserSBJSON.a */ = {
			isa = PBXReferenceProxy;
			fileType = archive.ar;
			path = libRestKitJSONParserSBJSON.a;
			remoteRef = 64EC3496143EF0C20063BC4D /* PBXContainerItemProxy */;
			sourceTree = BUILT_PRODUCTS_DIR;
		};
		64EC3499143EF0C20063BC4D /* libRestKitJSONParserJSONKit.a */ = {
			isa = PBXReferenceProxy;
			fileType = archive.ar;
			path = libRestKitJSONParserJSONKit.a;
			remoteRef = 64EC3498143EF0C20063BC4D /* PBXContainerItemProxy */;
			sourceTree = BUILT_PRODUCTS_DIR;
		};
		64EC349B143EF0C20063BC4D /* libRestKitXMLParserLibxml.a */ = {
			isa = PBXReferenceProxy;
			fileType = archive.ar;
			path = libRestKitXMLParserLibxml.a;
			remoteRef = 64EC349A143EF0C20063BC4D /* PBXContainerItemProxy */;
			sourceTree = BUILT_PRODUCTS_DIR;
		};
		64EC349D143EF0C20063BC4D /* libRestKitCoreData.a */ = {
			isa = PBXReferenceProxy;
			fileType = archive.ar;
			path = libRestKitCoreData.a;
			remoteRef = 64EC349C143EF0C20063BC4D /* PBXContainerItemProxy */;
			sourceTree = BUILT_PRODUCTS_DIR;
		};
		64EC349F143EF0C20063BC4D /* libRestKitThree20.a */ = {
			isa = PBXReferenceProxy;
			fileType = archive.ar;
			path = libRestKitThree20.a;
			remoteRef = 64EC349E143EF0C20063BC4D /* PBXContainerItemProxy */;
			sourceTree = BUILT_PRODUCTS_DIR;
		};
		64EC34A1143EF0C20063BC4D /* RestKitSpecs.app */ = {
			isa = PBXReferenceProxy;
			fileType = wrapper.application;
			path = RestKitSpecs.app;
			remoteRef = 64EC34A0143EF0C20063BC4D /* PBXContainerItemProxy */;
			sourceTree = BUILT_PRODUCTS_DIR;
		};
/* End PBXReferenceProxy section */

/* Begin PBXResourcesBuildPhase section */
		64EC3456143EED4C0063BC4D /* Resources */ = {
			isa = PBXResourcesBuildPhase;
			buildActionMask = 2147483647;
			files = (
				64EC3469143EED4D0063BC4D /* InfoPlist.strings in Resources */,
				8D0287CA1468482F00DE0A4A /* map.png in Resources */,
				8D0287CB1468482F00DE0A4A /* map@2x.png in Resources */,
				8D0287CC1468482F00DE0A4A /* group.png in Resources */,
				8D0287CD1468482F00DE0A4A /* group@2x.png in Resources */,
				8D0287DE1469960200DE0A4A /* (null)_16.png in Resources */,
				8D0287DF1469960200DE0A4A /* 1_16.png in Resources */,
				8D0287E01469960200DE0A4A /* 0_16.png in Resources */,
			);
			runOnlyForDeploymentPostprocessing = 0;
		};
/* End PBXResourcesBuildPhase section */

/* Begin PBXSourcesBuildPhase section */
		64EC3454143EED4C0063BC4D /* Sources */ = {
			isa = PBXSourcesBuildPhase;
			buildActionMask = 2147483647;
			files = (
				64EC346B143EED4D0063BC4D /* main.m in Sources */,
				64EC346F143EED4D0063BC4D /* TDSAppDelegate.m in Sources */,
				64EC3472143EED4D0063BC4D /* TrailDevilsSync.xcdatamodeld in Sources */,
				6426D7411459623A007BD692 /* TDSTrail.m in Sources */,
				6426D7441459661A007BD692 /* TDSManagedObject.m in Sources */,
				6426D75D14597149007BD692 /* TDSManagedObjectCache.m in Sources */,
				8D1E4888145F02840075B61E /* TDSTrailTableViewController.m in Sources */,
				8D0287BF1467BFC000DE0A4A /* TDSUserTableViewController.m in Sources */,
				8D0287D0146900B400DE0A4A /* TDSTrailDetailViewController.m in Sources */,
				8D0287D7146982C200DE0A4A /* TDSTrailIsOpenView.m in Sources */,
				8D0287DA14698C0800DE0A4A /* TDSTrailViewCell.m in Sources */,
				8D0287E31469A90600DE0A4A /* TDSUser.m in Sources */,
			);
			runOnlyForDeploymentPostprocessing = 0;
		};
/* End PBXSourcesBuildPhase section */

/* Begin PBXTargetDependency section */
		64EC34A3143EF1060063BC4D /* PBXTargetDependency */ = {
			isa = PBXTargetDependency;
			name = RestKit;
			targetProxy = 64EC34A2143EF1060063BC4D /* PBXContainerItemProxy */;
		};
		64F82F961459BE830048B7CA /* PBXTargetDependency */ = {
			isa = PBXTargetDependency;
			name = "RestKitJSONParser+JSONKit";
			targetProxy = 64F82F951459BE830048B7CA /* PBXContainerItemProxy */;
		};
/* End PBXTargetDependency section */

/* Begin PBXVariantGroup section */
		64EC3467143EED4C0063BC4D /* InfoPlist.strings */ = {
			isa = PBXVariantGroup;
			children = (
				64EC3468143EED4C0063BC4D /* en */,
			);
			name = InfoPlist.strings;
			sourceTree = "<group>";
		};
/* End PBXVariantGroup section */

/* Begin XCBuildConfiguration section */
		64EC3473143EED4D0063BC4D /* Debug */ = {
			isa = XCBuildConfiguration;
			buildSettings = {
				ALWAYS_SEARCH_USER_PATHS = NO;
				ARCHS = "$(ARCHS_STANDARD_32_BIT)";
				CLANG_ENABLE_OBJC_ARC = YES;
				"CODE_SIGN_IDENTITY[sdk=iphoneos*]" = "iPhone Developer";
				COPY_PHASE_STRIP = NO;
				GCC_C_LANGUAGE_STANDARD = gnu99;
				GCC_DYNAMIC_NO_PIC = NO;
				GCC_OPTIMIZATION_LEVEL = 0;
				GCC_PREPROCESSOR_DEFINITIONS = (
					"DEBUG=1",
					"$(inherited)",
				);
				GCC_SYMBOLS_PRIVATE_EXTERN = NO;
				GCC_VERSION = com.apple.compilers.llvm.clang.1_0;
				GCC_WARN_ABOUT_MISSING_PROTOTYPES = YES;
				GCC_WARN_ABOUT_RETURN_TYPE = YES;
				GCC_WARN_UNUSED_VARIABLE = YES;
				HEADER_SEARCH_PATHS = "\"${SOURCE_ROOT}/RestKit/Build\"";
				IPHONEOS_DEPLOYMENT_TARGET = 5.0;
				OTHER_LDFLAGS = "-ObjC";
				SDKROOT = iphoneos;
			};
			name = Debug;
		};
		64EC3474143EED4D0063BC4D /* Release */ = {
			isa = XCBuildConfiguration;
			buildSettings = {
				ALWAYS_SEARCH_USER_PATHS = NO;
				ARCHS = "$(ARCHS_STANDARD_32_BIT)";
				CLANG_ENABLE_OBJC_ARC = YES;
				"CODE_SIGN_IDENTITY[sdk=iphoneos*]" = "iPhone Developer";
				COPY_PHASE_STRIP = YES;
				GCC_C_LANGUAGE_STANDARD = gnu99;
				GCC_VERSION = com.apple.compilers.llvm.clang.1_0;
				GCC_WARN_ABOUT_MISSING_PROTOTYPES = YES;
				GCC_WARN_ABOUT_RETURN_TYPE = YES;
				GCC_WARN_UNUSED_VARIABLE = YES;
				HEADER_SEARCH_PATHS = "\"${SOURCE_ROOT}/RestKit/Build\"";
				IPHONEOS_DEPLOYMENT_TARGET = 5.0;
				OTHER_CFLAGS = "-DNS_BLOCK_ASSERTIONS=1";
				OTHER_LDFLAGS = "-ObjC";
				SDKROOT = iphoneos;
				VALIDATE_PRODUCT = YES;
			};
			name = Release;
		};
		64EC3476143EED4D0063BC4D /* Debug */ = {
			isa = XCBuildConfiguration;
			buildSettings = {
				GCC_PRECOMPILE_PREFIX_HEADER = YES;
				GCC_PREFIX_HEADER = "TrailDevilsSync/TrailDevilsSync-Prefix.pch";
				HEADER_SEARCH_PATHS = (
					"\"$(BUILT_PRODUCTS_DIR)/../three20\"",
					"\"$(BUILT_PRODUCTS_DIR)/../../three20\"",
					"\"${SOURCE_ROOT}/RestKit/Build\"",
				);
				INFOPLIST_FILE = "TrailDevilsSync/TrailDevilsSync-Info.plist";
				OTHER_LDFLAGS = "-ObjC";
				PRODUCT_NAME = "$(TARGET_NAME)";
				WRAPPER_EXTENSION = app;
			};
			name = Debug;
		};
		64EC3477143EED4D0063BC4D /* Release */ = {
			isa = XCBuildConfiguration;
			buildSettings = {
				GCC_PRECOMPILE_PREFIX_HEADER = YES;
				GCC_PREFIX_HEADER = "TrailDevilsSync/TrailDevilsSync-Prefix.pch";
				HEADER_SEARCH_PATHS = (
					"\"$(BUILT_PRODUCTS_DIR)/../three20\"",
					"\"$(BUILT_PRODUCTS_DIR)/../../three20\"",
					"\"${SOURCE_ROOT}/RestKit/Build\"",
				);
				INFOPLIST_FILE = "TrailDevilsSync/TrailDevilsSync-Info.plist";
				OTHER_LDFLAGS = "-ObjC";
				PRODUCT_NAME = "$(TARGET_NAME)";
				WRAPPER_EXTENSION = app;
			};
			name = Release;
		};
/* End XCBuildConfiguration section */

/* Begin XCConfigurationList section */
		64EC3452143EED4C0063BC4D /* Build configuration list for PBXProject "TrailDevilsSync" */ = {
			isa = XCConfigurationList;
			buildConfigurations = (
				64EC3473143EED4D0063BC4D /* Debug */,
				64EC3474143EED4D0063BC4D /* Release */,
			);
			defaultConfigurationIsVisible = 0;
			defaultConfigurationName = Release;
		};
		64EC3475143EED4D0063BC4D /* Build configuration list for PBXNativeTarget "TrailDevilsSync" */ = {
			isa = XCConfigurationList;
			buildConfigurations = (
				64EC3476143EED4D0063BC4D /* Debug */,
				64EC3477143EED4D0063BC4D /* Release */,
			);
			defaultConfigurationIsVisible = 0;
			defaultConfigurationName = Release;
		};
/* End XCConfigurationList section */

/* Begin XCVersionGroup section */
		64EC3470143EED4D0063BC4D /* TrailDevilsSync.xcdatamodeld */ = {
			isa = XCVersionGroup;
			children = (
				64EC3471143EED4D0063BC4D /* TrailDevilsSync.xcdatamodel */,
			);
			currentVersion = 64EC3471143EED4D0063BC4D /* TrailDevilsSync.xcdatamodel */;
			name = TrailDevilsSync.xcdatamodeld;
			path = TrailDevilsSync/TrailDevilsSync.xcdatamodeld;
			sourceTree = "<group>";
			versionGroupType = wrapper.xcdatamodel;
		};
/* End XCVersionGroup section */
	};
	rootObject = 64EC344F143EED4C0063BC4D /* Project object */;
}
